
Microsoft Visual Studio Solution File, Format Version 11.00
# Visual Studio 2010
Project("{FAE04EC0-301F-11D3-BF4B-00C04F79EFBC}") = "Assembly-CSharp", "Assembly-CSharp.csproj", "{F07A24CE-7A56-190C-3749-6A735F437A50}"
EndProject
Project("{FAE04EC0-301F-11D3-BF4B-00C04F79EFBC}") = "Oculus.VR", "Oculus.VR.csproj", "{01E376FE-6D68-4A24-7ACF-FD2CF9585A2F}"
EndProject
Project("{FAE04EC0-301F-11D3-BF4B-00C04F79EFBC}") = "Assembly-CSharp-firstpass", "Assembly-CSharp-firstpass.csproj", "{E52F0B70-CA6D-7A7E-95D5-BA9F69CB9A23}"
EndProject
Project("{FAE04EC0-301F-11D3-BF4B-00C04F79EFBC}") = "Assembly-CSharp-Editor", "Assembly-CSharp-Editor.csproj", "{8696FF82-59F6-66BB-A62F-E6775B11B947}"
EndProject
Project("{FAE04EC0-301F-11D3-BF4B-00C04F79EFBC}") = "Assembly-CSharp-Editor-firstpass", "Assembly-CSharp-Editor-firstpass.csproj", "{B954622F-2F91-F176-5E7A-37C55930E601}"
EndProject
Project("{FAE04EC0-301F-11D3-BF4B-00C04F79EFBC}") = "Oculus.VR.Scripts.Editor", "Oculus.VR.Scripts.Editor.csproj", "{7303FCBC-A646-5095-F53B-57B3865801C6}"
EndProject
Project("{FAE04EC0-301F-11D3-BF4B-00C04F79EFBC}") = "Oculus.VR.Editor", "Oculus.VR.Editor.csproj", "{C7B51BD7-FD11-B115-BE15-76EA76E5BD5E}"
EndProject
Global
	GlobalSection(SolutionConfigurationPlatforms) = preSolution
		Debug|Any CPU = Debug|Any CPU
		Release|Any CPU = Release|Any CPU
	EndGlobalSection
	GlobalSection(ProjectConfigurationPlatforms) = postSolution
		{F07A24CE-7A56-190C-3749-6A735F437A50}.Debug|Any CPU.ActiveCfg = Debug|Any CPU
		{F07A24CE-7A56-190C-3749-6A735F437A50}.Debug|Any CPU.Build.0 = Debug|Any CPU
		{F07A24CE-7A56-190C-3749-6A735F437A50}.Release|Any CPU.ActiveCfg = Release|Any CPU
		{F07A24CE-7A56-190C-3749-6A735F437A50}.Release|Any CPU.Build.0 = Release|Any CPU
		{01E376FE-6D68-4A24-7ACF-FD2CF9585A2F}.Debug|Any CPU.ActiveCfg = Debug|Any CPU
		{01E376FE-6D68-4A24-7ACF-FD2CF9585A2F}.Debug|Any CPU.Build.0 = Debug|Any CPU
		{01E376FE-6D68-4A24-7ACF-FD2CF9585A2F}.Release|Any CPU.ActiveCfg = Release|Any CPU
		{01E376FE-6D68-4A24-7ACF-FD2CF9585A2F}.Release|Any CPU.Build.0 = Release|Any CPU
		{E52F0B70-CA6D-7A7E-95D5-BA9F69CB9A23}.Debug|Any CPU.ActiveCfg = Debug|Any CPU
		{E52F0B70-CA6D-7A7E-95D5-BA9F69CB9A23}.Debug|Any CPU.Build.0 = Debug|Any CPU
		{E52F0B70-CA6D-7A7E-95D5-BA9F69CB9A23}.Release|Any CPU.ActiveCfg = Release|Any CPU
		{E52F0B70-CA6D-7A7E-95D5-BA9F69CB9A23}.Release|Any CPU.Build.0 = Release|Any CPU
		{8696FF82-59F6-66BB-A62F-E6775B11B947}.Debug|Any CPU.ActiveCfg = Debug|Any CPU
		{8696FF82-59F6-66BB-A62F-E6775B11B947}.Debug|Any CPU.Build.0 = Debug|Any CPU
		{8696FF82-59F6-66BB-A62F-E6775B11B947}.Release|Any CPU.ActiveCfg = Release|Any CPU
		{8696FF82-59F6-66BB-A62F-E6775B11B947}.Release|Any CPU.Build.0 = Release|Any CPU
		{B954622F-2F91-F176-5E7A-37C55930E601}.Debug|Any CPU.ActiveCfg = Debug|Any CPU
		{B954622F-2F91-F176-5E7A-37C55930E601}.Debug|Any CPU.Build.0 = Debug|Any CPU
		{B954622F-2F91-F176-5E7A-37C55930E601}.Release|Any CPU.ActiveCfg = Release|Any CPU
		{B954622F-2F91-F176-5E7A-37C55930E601}.Release|Any CPU.Build.0 = Release|Any CPU
		{7303FCBC-A646-5095-F53B-57B3865801C6}.Debug|Any CPU.ActiveCfg = Debug|Any CPU
		{7303FCBC-A646-5095-F53B-57B3865801C6}.Debug|Any CPU.Build.0 = Debug|Any CPU
		{7303FCBC-A646-5095-F53B-57B3865801C6}.Release|Any CPU.ActiveCfg = Release|Any CPU
		{7303FCBC-A646-5095-F53B-57B3865801C6}.Release|Any CPU.Build.0 = Release|Any CPU
		{C7B51BD7-FD11-B115-BE15-76EA76E5BD5E}.Debug|Any CPU.ActiveCfg = Debug|Any CPU
		{C7B51BD7-FD11-B115-BE15-76EA76E5BD5E}.Debug|Any CPU.Build.0 = Debug|Any CPU
		{C7B51BD7-FD11-B115-BE15-76EA76E5BD5E}.Release|Any CPU.ActiveCfg = Release|Any CPU
		{C7B51BD7-FD11-B115-BE15-76EA76E5BD5E}.Release|Any CPU.Build.0 = Release|Any CPU
	EndGlobalSection
	GlobalSection(SolutionProperties) = preSolution
		HideSolutionNode = FALSE
	EndGlobalSection
	GlobalSection(MonoDevelopProperties) = preSolution
		StartupItem = Assembly-CSharp.csproj
	EndGlobalSection
EndGlobal
